// !$*UTF8*$!
{
	archiveVersion = 1;
	classes = {
	};
	objectVersion = 46;
	objects = {

/* Begin PBXBuildFile section */
		C77F17371AFC691A0024FDA3 /* JWUnitTestCombo.h in CopyFiles */ = {isa = PBXBuildFile; fileRef = C77F17361AFC691A0024FDA3 /* JWUnitTestCombo.h */; };
		C77F17391AFC691A0024FDA3 /* JWUnitTestCombo.m in Sources */ = {isa = PBXBuildFile; fileRef = C77F17381AFC691A0024FDA3 /* JWUnitTestCombo.m */; };
		C77F173F1AFC691B0024FDA3 /* libJWUnitTestCombo.a in Frameworks */ = {isa = PBXBuildFile; fileRef = C77F17331AFC691A0024FDA3 /* libJWUnitTestCombo.a */; };
		C77F174E1AFC698A0024FDA3 /* TestCase Examples.m in Sources */ = {isa = PBXBuildFile; fileRef = C77F174D1AFC698A0024FDA3 /* TestCase Examples.m */; };
/* End PBXBuildFile section */

/* Begin PBXContainerItemProxy section */
		C77F17401AFC691B0024FDA3 /* PBXContainerItemProxy */ = {
			isa = PBXContainerItemProxy;
			containerPortal = C77F172B1AFC691A0024FDA3 /* Project object */;
			proxyType = 1;
			remoteGlobalIDString = C77F17321AFC691A0024FDA3;
			remoteInfo = JWUnitTestCombo;
		};
/* End PBXContainerItemProxy section */

/* Begin PBXCopyFilesBuildPhase section */
		C77F17311AFC691A0024FDA3 /* CopyFiles */ = {
			isa = PBXCopyFilesBuildPhase;
			buildActionMask = 2147483647;
			dstPath = "include/$(PRODUCT_NAME)";
			dstSubfolderSpec = 16;
			files = (
				C77F17371AFC691A0024FDA3 /* JWUnitTestCombo.h in CopyFiles */,
			);
			runOnlyForDeploymentPostprocessing = 0;
		};
/* End PBXCopyFilesBuildPhase section */

/* Begin PBXFileReference section */
		C77F17331AFC691A0024FDA3 /* libJWUnitTestCombo.a */ = {isa = PBXFileReference; explicitFileType = archive.ar; includeInIndex = 0; path = libJWUnitTestCombo.a; sourceTree = BUILT_PRODUCTS_DIR; };
		C77F17361AFC691A0024FDA3 /* JWUnitTestCombo.h */ = {isa = PBXFileReference; lastKnownFileType = sourcecode.c.h; path = JWUnitTestCombo.h; sourceTree = "<group>"; };
		C77F17381AFC691A0024FDA3 /* JWUnitTestCombo.m */ = {isa = PBXFileReference; lastKnownFileType = sourcecode.c.objc; path = JWUnitTestCombo.m; sourceTree = "<group>"; };
		C77F173E1AFC691B0024FDA3 /* JWUnitTestComboTests.xctest */ = {isa = PBXFileReference; explicitFileType = wrapper.cfbundle; includeInIndex = 0; path = JWUnitTestComboTests.xctest; sourceTree = BUILT_PRODUCTS_DIR; };
		C77F17441AFC691B0024FDA3 /* Info.plist */ = {isa = PBXFileReference; lastKnownFileType = text.plist.xml; path = Info.plist; sourceTree = "<group>"; };
		C77F174D1AFC698A0024FDA3 /* TestCase Examples.m */ = {isa = PBXFileReference; fileEncoding = 4; lastKnownFileType = sourcecode.c.objc; path = "TestCase Examples.m"; sourceTree = "<group>"; };
/* End PBXFileReference section */

/* Begin PBXFrameworksBuildPhase section */
		C77F17301AFC691A0024FDA3 /* Frameworks */ = {
			isa = PBXFrameworksBuildPhase;
			buildActionMask = 2147483647;
			files = (
			);
			runOnlyForDeploymentPostprocessing = 0;
		};
		C77F173B1AFC691B0024FDA3 /* Frameworks */ = {
			isa = PBXFrameworksBuildPhase;
			buildActionMask = 2147483647;
			files = (
				C77F173F1AFC691B0024FDA3 /* libJWUnitTestCombo.a in Frameworks */,
			);
			runOnlyForDeploymentPostprocessing = 0;
		};
/* End PBXFrameworksBuildPhase section */

/* Begin PBXGroup section */
		C77F172A1AFC691A0024FDA3 = {
			isa = PBXGroup;
			children = (
				C77F17351AFC691A0024FDA3 /* JWUnitTestCombo */,
				C77F17421AFC691B0024FDA3 /* JWUnitTestComboTests */,
				C77F17341AFC691A0024FDA3 /* Products */,
			);
			sourceTree = "<group>";
		};
		C77F17341AFC691A0024FDA3 /* Products */ = {
			isa = PBXGroup;
			children = (
				C77F17331AFC691A0024FDA3 /* libJWUnitTestCombo.a */,
				C77F173E1AFC691B0024FDA3 /* JWUnitTestComboTests.xctest */,
			);
			name = Products;
			sourceTree = "<group>";
		};
		C77F17351AFC691A0024FDA3 /* JWUnitTestCombo */ = {
			isa = PBXGroup;
			children = (
				C77F17361AFC691A0024FDA3 /* JWUnitTestCombo.h */,
				C77F17381AFC691A0024FDA3 /* JWUnitTestCombo.m */,
			);
			path = JWUnitTestCombo;
			sourceTree = "<group>";
		};
		C77F17421AFC691B0024FDA3 /* JWUnitTestComboTests */ = {
			isa = PBXGroup;
			children = (
				C77F174D1AFC698A0024FDA3 /* TestCase Examples.m */,
				C77F17431AFC691B0024FDA3 /* Supporting Files */,
			);
			path = JWUnitTestComboTests;
			sourceTree = "<group>";
		};
		C77F17431AFC691B0024FDA3 /* Supporting Files */ = {
			isa = PBXGroup;
			children = (
				C77F17441AFC691B0024FDA3 /* Info.plist */,
			);
			name = "Supporting Files";
			sourceTree = "<group>";
		};
/* End PBXGroup section */

/* Begin PBXNativeTarget section */
		C77F17321AFC691A0024FDA3 /* JWUnitTestCombo */ = {
			isa = PBXNativeTarget;
			buildConfigurationList = C77F17471AFC691B0024FDA3 /* Build configuration list for PBXNativeTarget "JWUnitTestCombo" */;
			buildPhases = (
				C77F172F1AFC691A0024FDA3 /* Sources */,
				C77F17301AFC691A0024FDA3 /* Frameworks */,
				C77F17311AFC691A0024FDA3 /* CopyFiles */,
			);
			buildRules = (
			);
			dependencies = (
			);
			name = JWUnitTestCombo;
			productName = JWUnitTestCombo;
			productReference = C77F17331AFC691A0024FDA3 /* libJWUnitTestCombo.a */;
			productType = "com.apple.product-type.library.static";
		};
		C77F173D1AFC691B0024FDA3 /* JWUnitTestComboTests */ = {
			isa = PBXNativeTarget;
			buildConfigurationList = C77F174A1AFC691B0024FDA3 /* Build configuration list for PBXNativeTarget "JWUnitTestComboTests" */;
			buildPhases = (
				C77F173A1AFC691B0024FDA3 /* Sources */,
				C77F173B1AFC691B0024FDA3 /* Frameworks */,
				C77F173C1AFC691B0024FDA3 /* Resources */,
			);
			buildRules = (
			);
			dependencies = (
				C77F17411AFC691B0024FDA3 /* PBXTargetDependency */,
			);
			name = JWUnitTestComboTests;
			productName = JWUnitTestComboTests;
			productReference = C77F173E1AFC691B0024FDA3 /* JWUnitTestComboTests.xctest */;
			productType = "com.apple.product-type.bundle.unit-test";
		};
/* End PBXNativeTarget section */

/* Begin PBXProject section */
		C77F172B1AFC691A0024FDA3 /* Project object */ = {
			isa = PBXProject;
			attributes = {
				LastUpgradeCheck = 0630;
				ORGANIZATIONNAME = JackyWang;
				TargetAttributes = {
					C77F17321AFC691A0024FDA3 = {
						CreatedOnToolsVersion = 6.3.1;
					};
					C77F173D1AFC691B0024FDA3 = {
						CreatedOnToolsVersion = 6.3.1;
					};
				};
			};
			buildConfigurationList = C77F172E1AFC691A0024FDA3 /* Build configuration list for PBXProject "JWUnitTestCombo" */;
			compatibilityVersion = "Xcode 3.2";
			developmentRegion = English;
			hasScannedForEncodings = 0;
			knownRegions = (
				en,
			);
			mainGroup = C77F172A1AFC691A0024FDA3;
			productRefGroup = C77F17341AFC691A0024FDA3 /* Products */;
			projectDirPath = "";
			projectRoot = "";
			targets = (
				C77F17321AFC691A0024FDA3 /* JWUnitTestCombo */,
				C77F173D1AFC691B0024FDA3 /* JWUnitTestComboTests */,
			);
		};
/* End PBXProject section */

/* Begin PBXResourcesBuildPhase section */
		C77F173C1AFC691B0024FDA3 /* Resources */ = {
			isa = PBXResourcesBuildPhase;
			buildActionMask = 2147483647;
			files = (
			);
			runOnlyForDeploymentPostprocessing = 0;
		};
/* End PBXResourcesBuildPhase section */

/* Begin PBXSourcesBuildPhase section */
		C77F172F1AFC691A0024FDA3 /* Sources */ = {
			isa = PBXSourcesBuildPhase;
			buildActionMask = 2147483647;
			files = (
				C77F17391AFC691A0024FDA3 /* JWUnitTestCombo.m in Sources */,
			);
			runOnlyForDeploymentPostprocessing = 0;
		};
		C77F173A1AFC691B0024FDA3 /* Sources */ = {
			isa = PBXSourcesBuildPhase;
			buildActionMask = 2147483647;
			files = (
				C77F174E1AFC698A0024FDA3 /* TestCase Examples.m in Sources */,
			);
			runOnlyForDeploymentPostprocessing = 0;
		};
/* End PBXSourcesBuildPhase section */

/* Begin PBXTargetDependency section */
		C77F17411AFC691B0024FDA3 /* PBXTargetDependency */ = {
			isa = PBXTargetDependency;
			target = C77F17321AFC691A0024FDA3 /* JWUnitTestCombo */;
			targetProxy = C77F17401AFC691B0024FDA3 /* PBXContainerItemProxy */;
		};
/* End PBXTargetDependency section */

/* Begin XCBuildConfiguration section */
		C77F17451AFC691B0024FDA3 /* Debug */ = {
			isa = XCBuildConfiguration;
			buildSettings = {
				ALWAYS_SEARCH_USER_PATHS = NO;
				CLANG_CXX_LANGUAGE_STANDARD = "gnu++0x";
				CLANG_CXX_LIBRARY = "libc++";
				CLANG_ENABLE_MODULES = YES;
				CLANG_ENABLE_OBJC_ARC = YES;
				CLANG_WARN_BOOL_CONVERSION = YES;
				CLANG_WARN_CONSTANT_CONVERSION = YES;
				CLANG_WARN_DIRECT_OBJC_ISA_USAGE = YES_ERROR;
				CLANG_WARN_EMPTY_BODY = YES;
				CLANG_WARN_ENUM_CONVERSION = YES;
				CLANG_WARN_INT_CONVERSION = YES;
				CLANG_WARN_OBJC_ROOT_CLASS = YES_ERROR;
				CLANG_WARN_UNREACHABLE_CODE = YES;
				CLANG_WARN__DUPLICATE_METHOD_MATCH = YES;
				COPY_PHASE_STRIP = NO;
				DEBUG_INFORMATION_FORMAT = "dwarf-with-dsym";
				ENABLE_STRICT_OBJC_MSGSEND = YES;
				GCC_C_LANGUAGE_STANDARD = gnu99;
				GCC_DYNAMIC_NO_PIC = NO;
				GCC_NO_COMMON_BLOCKS = YES;
				GCC_OPTIMIZATION_LEVEL = 0;
				GCC_PREPROCESSOR_DEFINITIONS = (
					"DEBUG=1",
					"$(inherited)",
				);
				GCC_SYMBOLS_PRIVATE_EXTERN = NO;
				GCC_WARN_64_TO_32_BIT_CONVERSION = YES;
				GCC_WARN_ABOUT_RETURN_TYPE = YES_ERROR;
				GCC_WARN_UNDECLARED_SELECTOR = YES;
				GCC_WARN_UNINITIALIZED_AUTOS = YES_AGGRESSIVE;
				GCC_WARN_UNUSED_FUNCTION = YES;
				GCC_WARN_UNUSED_VARIABLE = YES;
				IPHONEOS_DEPLOYMENT_TARGET = 8.3;
				MTL_ENABLE_DEBUG_INFO = YES;
				ONLY_ACTIVE_ARCH = YES;
				SDKROOT = iphoneos;
			};
			name = Debug;
		};
		C77F17461AFC691B0024FDA3 /* Release */ = {
			isa = XCBuildConfiguration;
			buildSettings = {
				ALWAYS_SEARCH_USER_PATHS = NO;
				CLANG_CXX_LANGUAGE_STANDARD = "gnu++0x";
				CLANG_CXX_LIBRARY = "libc++";
				CLANG_ENABLE_MODULES = YES;
				CLANG_ENABLE_OBJC_ARC = YES;
				CLANG_WARN_BOOL_CONVERSION = YES;
				CLANG_WARN_CONSTANT_CONVERSION = YES;
				CLANG_WARN_DIRECT_OBJC_ISA_USAGE = YES_ERROR;
				CLANG_WARN_EMPTY_BODY = YES;
				CLANG_WARN_ENUM_CONVERSION = YES;
				CLANG_WARN_INT_CONVERSION = YES;
				CLANG_WARN_OBJC_ROOT_CLASS = YES_ERROR;
				CLANG_WARN_UNREACHABLE_CODE = YES;
				CLANG_WARN__DUPLICATE_METHOD_MATCH = YES;
				COPY_PHASE_STRIP = NO;
				DEBUG_INFORMATION_FORMAT = "dwarf-with-dsym";
				ENABLE_NS_ASSERTIONS = NO;
				ENABLE_STRICT_OBJC_MSGSEND = YES;
				GCC_C_LANGUAGE_STANDARD = gnu99;
				GCC_NO_COMMON_BLOCKS = YES;
				GCC_WARN_64_TO_32_BIT_CONVERSION = YES;
				GCC_WARN_ABOUT_RETURN_TYPE = YES_ERROR;
				GCC_WARN_UNDECLARED_SELECTOR = YES;
				GCC_WARN_UNINITIALIZED_AUTOS = YES_AGGRESSIVE;
				GCC_WARN_UNUSED_FUNCTION = YES;
				GCC_WARN_UNUSED_VARIABLE = YES;
				IPHONEOS_DEPLOYMENT_TARGET = 8.3;
				MTL_ENABLE_DEBUG_INFO = NO;
				SDKROOT = iphoneos;
				VALIDATE_PRODUCT = YES;
			};
			name = Release;
		};
		C77F17481AFC691B0024FDA3 /* Debug */ = {
			isa = XCBuildConfiguration;
			buildSettings = {
				OTHER_LDFLAGS = "-ObjC";
				PRODUCT_NAME = "$(TARGET_NAME)";
				SKIP_INSTALL = YES;
			};
			name = Debug;
		};
		C77F17491AFC691B0024FDA3 /* Release */ = {
			isa = XCBuildConfiguration;
			buildSettings = {
				OTHER_LDFLAGS = "-ObjC";
				PRODUCT_NAME = "$(TARGET_NAME)";
				SKIP_INSTALL = YES;
			};
			name = Release;
		};
		C77F174B1AFC691B0024FDA3 /* Debug */ = {
			isa = XCBuildConfiguration;
			buildSettings = {
				"CODE_SIGN_IDENTITY[sdk=iphoneos*]" = "iPhone Developer";
				FRAMEWORK_SEARCH_PATHS = (
					"$(SDKROOT)/Developer/Library/Frameworks",
					"$(inherited)",
				);
				GCC_PREPROCESSOR_DEFINITIONS = (
					"DEBUG=1",
					"$(inherited)",
				);
				INFOPLIST_FILE = JWUnitTestComboTests/Info.plist;
				LD_RUNPATH_SEARCH_PATHS = "$(inherited) @executable_path/Frameworks @loader_path/Frameworks";
				PRODUCT_NAME = "$(TARGET_NAME)";
			};
			name = Debug;
		};
		C77F174C1AFC691B0024FDA3 /* Release */ = {
			isa = XCBuildConfiguration;
			buildSettings = {
				"CODE_SIGN_IDENTITY[sdk=iphoneos*]" = "iPhone Developer";
				FRAMEWORK_SEARCH_PATHS = (
					"$(SDKROOT)/Developer/Library/Frameworks",
					"$(inherited)",
				);
				INFOPLIST_FILE = JWUnitTestComboTests/Info.plist;
				LD_RUNPATH_SEARCH_PATHS = "$(inherited) @executable_path/Frameworks @loader_path/Frameworks";
				PRODUCT_NAME = "$(TARGET_NAME)";
			};
			name = Release;
		};
/* End XCBuildConfiguration section */

/* Begin XCConfigurationList section */
		C77F172E1AFC691A0024FDA3 /* Build configuration list for PBXProject "JWUnitTestCombo" */ = {
			isa = XCConfigurationList;
			buildConfigurations = (
				C77F17451AFC691B0024FDA3 /* Debug */,
				C77F17461AFC691B0024FDA3 /* Release */,
			);
			defaultConfigurationIsVisible = 0;
			defaultConfigurationName = Release;
		};
		C77F17471AFC691B0024FDA3 /* Build configuration list for PBXNativeTarget "JWUnitTestCombo" */ = {
			isa = XCConfigurationList;
			buildConfigurations = (
				C77F17481AFC691B0024FDA3 /* Debug */,
				C77F17491AFC691B0024FDA3 /* Release */,
			);
			defaultConfigurationIsVisible = 0;
		};
		C77F174A1AFC691B0024FDA3 /* Build configuration list for PBXNativeTarget "JWUnitTestComboTests" */ = {
			isa = XCConfigurationList;
			buildConfigurations = (
				C77F174B1AFC691B0024FDA3 /* Debug */,
				C77F174C1AFC691B0024FDA3 /* Release */,
			);
			defaultConfigurationIsVisible = 0;
		};
/* End XCConfigurationList section */
	};
	rootObject = C77F172B1AFC691A0024FDA3 /* Project object */;
}
